// !$*UTF8*$!
{
	archiveVersion = 1;
	classes = {
	};
	objectVersion = 54;
	objects = {

/* Begin PBXBuildFile section */
		01E7CE92A65B943147DD0481 /* Preview Assets.xcassets in Resources */ = {isa = PBXBuildFile; fileRef = 92F910A5BD4F6394232E4078 /* Preview Assets.xcassets */; };
		0E65626544FEE73C7D07A7BB /* RswiftLibrary in Frameworks */ = {isa = PBXBuildFile; productRef = 6A7EB76DB833109A085A7A81 /* RswiftLibrary */; };
		19E8A725E34C2586161AFBBE /* ContentView.swift in Sources */ = {isa = PBXBuildFile; fileRef = 9FA70A54B4311545BE764E3C /* ContentView.swift */; };
		1F825102D68D6F55F139D8E5 /* BusdesKICNativeiOSApp.swift in Sources */ = {isa = PBXBuildFile; fileRef = FB25061D0F8A6FE3100F1145 /* BusdesKICNativeiOSApp.swift */; };
		383C19DA5A70F10AFA411061 /* TimeTableView.swift in Sources */ = {isa = PBXBuildFile; fileRef = 7132831D2AF39E7B04772B36 /* TimeTableView.swift */; };
		3AB485B60672421E28997646 /* BusTimeTableAPI.swift in Sources */ = {isa = PBXBuildFile; fileRef = 4A323C62D01122A342918AFF /* BusTimeTableAPI.swift */; };
		3AC3591C5F7726A39231770A /* NextBusAPI.swift in Sources */ = {isa = PBXBuildFile; fileRef = 05B2D8203303867C21511A38 /* NextBusAPI.swift */; };
		53E2D0F0CC2729AB08362D7E /* BusStopModel.swift in Sources */ = {isa = PBXBuildFile; fileRef = 8D6ADBA1C6D949C6381C0980 /* BusStopModel.swift */; };
		7501BC97E7AF5B5A9142FC29 /* TabButton.swift in Sources */ = {isa = PBXBuildFile; fileRef = 06746EC0A71895802629CA39 /* TabButton.swift */; };
		77E901910DA1927CCD883D7D /* BusTimeTableView.swift in Sources */ = {isa = PBXBuildFile; fileRef = 915C5D00073B43E9FF62481C /* BusTimeTableView.swift */; };
		918E510C29F2910D00908394 /* SettingView.swift in Sources */ = {isa = PBXBuildFile; fileRef = 918E510B29F2910D00908394 /* SettingView.swift */; };
		918E511029F2994700908394 /* WebView.swift in Sources */ = {isa = PBXBuildFile; fileRef = 918E510F29F2994700908394 /* WebView.swift */; };
		C130633C21FFDF72CE2B5CA0 /* R.generated.swift in Sources */ = {isa = PBXBuildFile; fileRef = 1F66DEC161A01593C0660E56 /* R.generated.swift */; };
		C334EED3E2AA617FBA368674 /* HomeView.swift in Sources */ = {isa = PBXBuildFile; fileRef = 2F2CFAB5523A148B8FB55209 /* HomeView.swift */; };
		F5B2FA04E2A269A0FFFAA0E7 /* HomeCardView.swift in Sources */ = {isa = PBXBuildFile; fileRef = EA346860047DE77FBF2F9EFC /* HomeCardView.swift */; };
		F6B11EEB7643446BBE8A6197 /* Assets.xcassets in Resources */ = {isa = PBXBuildFile; fileRef = B65A21FEBF4025C547A17672 /* Assets.xcassets */; };
/* End PBXBuildFile section */

/* Begin PBXFileReference section */
		05B2D8203303867C21511A38 /* NextBusAPI.swift */ = {isa = PBXFileReference; lastKnownFileType = sourcecode.swift; path = NextBusAPI.swift; sourceTree = "<group>"; };
		06746EC0A71895802629CA39 /* TabButton.swift */ = {isa = PBXFileReference; lastKnownFileType = sourcecode.swift; path = TabButton.swift; sourceTree = "<group>"; };
		06F83C29869C1EEDEA0E3758 /* BusdesKICNativeiOS.app */ = {isa = PBXFileReference; includeInIndex = 0; lastKnownFileType = wrapper.application; path = BusdesKICNativeiOS.app; sourceTree = BUILT_PRODUCTS_DIR; };
		1F66DEC161A01593C0660E56 /* R.generated.swift */ = {isa = PBXFileReference; lastKnownFileType = sourcecode.swift; path = R.generated.swift; sourceTree = "<group>"; };
		2F2CFAB5523A148B8FB55209 /* HomeView.swift */ = {isa = PBXFileReference; lastKnownFileType = sourcecode.swift; path = HomeView.swift; sourceTree = "<group>"; };
		4A323C62D01122A342918AFF /* BusTimeTableAPI.swift */ = {isa = PBXFileReference; lastKnownFileType = sourcecode.swift; path = BusTimeTableAPI.swift; sourceTree = "<group>"; };
		7132831D2AF39E7B04772B36 /* TimeTableView.swift */ = {isa = PBXFileReference; lastKnownFileType = sourcecode.swift; path = TimeTableView.swift; sourceTree = "<group>"; };
		8D6ADBA1C6D949C6381C0980 /* BusStopModel.swift */ = {isa = PBXFileReference; lastKnownFileType = sourcecode.swift; path = BusStopModel.swift; sourceTree = "<group>"; };
		915C5D00073B43E9FF62481C /* BusTimeTableView.swift */ = {isa = PBXFileReference; lastKnownFileType = sourcecode.swift; path = BusTimeTableView.swift; sourceTree = "<group>"; };
		918E510B29F2910D00908394 /* SettingView.swift */ = {isa = PBXFileReference; lastKnownFileType = sourcecode.swift; path = SettingView.swift; sourceTree = "<group>"; };
		918E510F29F2994700908394 /* WebView.swift */ = {isa = PBXFileReference; lastKnownFileType = sourcecode.swift; path = WebView.swift; sourceTree = "<group>"; };
		92F910A5BD4F6394232E4078 /* Preview Assets.xcassets */ = {isa = PBXFileReference; lastKnownFileType = folder.assetcatalog; path = "Preview Assets.xcassets"; sourceTree = "<group>"; };
		9FA70A54B4311545BE764E3C /* ContentView.swift */ = {isa = PBXFileReference; lastKnownFileType = sourcecode.swift; path = ContentView.swift; sourceTree = "<group>"; };
		AEE4B8C27D794A6E441F3B46 /* Info.plist */ = {isa = PBXFileReference; lastKnownFileType = text.plist; path = Info.plist; sourceTree = "<group>"; };
		B65A21FEBF4025C547A17672 /* Assets.xcassets */ = {isa = PBXFileReference; lastKnownFileType = folder.assetcatalog; path = Assets.xcassets; sourceTree = "<group>"; };
		EA346860047DE77FBF2F9EFC /* HomeCardView.swift */ = {isa = PBXFileReference; lastKnownFileType = sourcecode.swift; path = HomeCardView.swift; sourceTree = "<group>"; };
		FB25061D0F8A6FE3100F1145 /* BusdesKICNativeiOSApp.swift */ = {isa = PBXFileReference; lastKnownFileType = sourcecode.swift; path = BusdesKICNativeiOSApp.swift; sourceTree = "<group>"; };
/* End PBXFileReference section */

/* Begin PBXFrameworksBuildPhase section */
		9B62745F50E2332E8C5B8371 /* Frameworks */ = {
			isa = PBXFrameworksBuildPhase;
			buildActionMask = 2147483647;
			files = (
				0E65626544FEE73C7D07A7BB /* RswiftLibrary in Frameworks */,
			);
			runOnlyForDeploymentPostprocessing = 0;
		};
/* End PBXFrameworksBuildPhase section */

/* Begin PBXGroup section */
		56DF867AD3600A3167E31554 /* Products */ = {
			isa = PBXGroup;
			children = (
				06F83C29869C1EEDEA0E3758 /* BusdesKICNativeiOS.app */,
			);
			name = Products;
			sourceTree = "<group>";
		};
		88CC6BC29E749B0F1D731F76 /* BusdesKICNativeiOS */ = {
			isa = PBXGroup;
			children = (
				B65A21FEBF4025C547A17672 /* Assets.xcassets */,
				FB25061D0F8A6FE3100F1145 /* BusdesKICNativeiOSApp.swift */,
				8D6ADBA1C6D949C6381C0980 /* BusStopModel.swift */,
				4A323C62D01122A342918AFF /* BusTimeTableAPI.swift */,
				05B2D8203303867C21511A38 /* NextBusAPI.swift */,
				915C5D00073B43E9FF62481C /* BusTimeTableView.swift */,
				9FA70A54B4311545BE764E3C /* ContentView.swift */,
				EA346860047DE77FBF2F9EFC /* HomeCardView.swift */,
				2F2CFAB5523A148B8FB55209 /* HomeView.swift */,
				AEE4B8C27D794A6E441F3B46 /* Info.plist */,
				06746EC0A71895802629CA39 /* TabButton.swift */,
				7132831D2AF39E7B04772B36 /* TimeTableView.swift */,
				918E510B29F2910D00908394 /* SettingView.swift */,
				918E510F29F2994700908394 /* WebView.swift */,
				8D8B08CF08B2BE6C17E13A86 /* Generated */,
				AAC2C1BACB1F26AAF970BF9F /* Preview Content */,
			);
			path = BusdesKICNativeiOS;
			sourceTree = "<group>";
		};
		8D8B08CF08B2BE6C17E13A86 /* Generated */ = {
			isa = PBXGroup;
			children = (
				1F66DEC161A01593C0660E56 /* R.generated.swift */,
			);
			path = Generated;
			sourceTree = "<group>";
		};
		A4D547951FFAF94A1FEFCF7B = {
			isa = PBXGroup;
			children = (
				88CC6BC29E749B0F1D731F76 /* BusdesKICNativeiOS */,
				56DF867AD3600A3167E31554 /* Products */,
			);
			sourceTree = "<group>";
		};
		AAC2C1BACB1F26AAF970BF9F /* Preview Content */ = {
			isa = PBXGroup;
			children = (
				92F910A5BD4F6394232E4078 /* Preview Assets.xcassets */,
			);
			path = "Preview Content";
			sourceTree = "<group>";
		};
/* End PBXGroup section */

/* Begin PBXNativeTarget section */
		3CCF31252E6BF296BB0E2CBE /* BusdesKICNativeiOS */ = {
			isa = PBXNativeTarget;
			buildConfigurationList = 23A7BB56D4AAF0B5360BF3CA /* Build configuration list for PBXNativeTarget "BusdesKICNativeiOS" */;
			buildPhases = (
				DD156DC895348F251538DA00 /* R.Swift */,
				D8B274E0AFB2B82867D69D78 /* SwiftLint */,
				1AF8D32CDB346FC2EFD2C97A /* Sources */,
				1B72F5E0043732DD991BAE30 /* Resources */,
				9B62745F50E2332E8C5B8371 /* Frameworks */,
			);
			buildRules = (
			);
			dependencies = (
			);
			name = BusdesKICNativeiOS;
			packageProductDependencies = (
				6A7EB76DB833109A085A7A81 /* RswiftLibrary */,
			);
			productName = BusdesKICNativeiOS;
			productReference = 06F83C29869C1EEDEA0E3758 /* BusdesKICNativeiOS.app */;
			productType = "com.apple.product-type.application";
		};
/* End PBXNativeTarget section */

/* Begin PBXProject section */
		FEA023A88DABF56FC3A14A4B /* Project object */ = {
			isa = PBXProject;
			attributes = {
				LastUpgradeCheck = 1200;
			};
			buildConfigurationList = 2903F6E41F19F1449BF4AC91 /* Build configuration list for PBXProject "BusdesKICNativeiOS" */;
			compatibilityVersion = "Xcode 11.0";
			developmentRegion = ja;
			hasScannedForEncodings = 0;
			knownRegions = (
				Base,
				ja,
			);
			mainGroup = A4D547951FFAF94A1FEFCF7B;
			packageReferences = (
				4530E88EF632DB6229A452DB /* XCRemoteSwiftPackageReference "R.swift" */,
			);
			projectDirPath = "";
			projectRoot = "";
			targets = (
				3CCF31252E6BF296BB0E2CBE /* BusdesKICNativeiOS */,
			);
		};
/* End PBXProject section */

/* Begin PBXResourcesBuildPhase section */
		1B72F5E0043732DD991BAE30 /* Resources */ = {
			isa = PBXResourcesBuildPhase;
			buildActionMask = 2147483647;
			files = (
				F6B11EEB7643446BBE8A6197 /* Assets.xcassets in Resources */,
				01E7CE92A65B943147DD0481 /* Preview Assets.xcassets in Resources */,
			);
			runOnlyForDeploymentPostprocessing = 0;
		};
/* End PBXResourcesBuildPhase section */

/* Begin PBXShellScriptBuildPhase section */
		D8B274E0AFB2B82867D69D78 /* SwiftLint */ = {
			isa = PBXShellScriptBuildPhase;
			alwaysOutOfDate = 1;
			buildActionMask = 2147483647;
			files = (
			);
			inputFileListPaths = (
			);
			inputPaths = (
			);
			name = SwiftLint;
			outputFileListPaths = (
			);
			outputPaths = (
			);
			runOnlyForDeploymentPostprocessing = 0;
			shellPath = /bin/zsh;
			shellScript = "if mint list | grep -q 'SwiftLint'; then\n\tmint run swiftlint\nelse\n\techo \"warning: SwiftLint not installed.\"\nfi     \n";
		};
		DD156DC895348F251538DA00 /* R.Swift */ = {
			isa = PBXShellScriptBuildPhase;
			alwaysOutOfDate = 1;
			buildActionMask = 2147483647;
			files = (
			);
			inputFileListPaths = (
			);
			inputPaths = (
				"$TEMP_DIR/rswift-lastrun",
			);
			name = R.Swift;
			outputFileListPaths = (
			);
			outputPaths = (
				"$(SRCROOT)/BusdesKICNativeiOS/Generated/R.generated.swift",
			);
			runOnlyForDeploymentPostprocessing = 0;
			shellPath = /bin/zsh;
			shellScript = "if mint list | grep -q 'R.swift'; then\n  mint run R.swift rswift generate \"$SRCROOT/BusdesKICNativeiOS/Generated/R.generated.swift\"\nelse\n  echo \"error: R.swift not installed; run 'mint bootstrap' to install\"\n  return -1\nfi       \n";
		};
/* End PBXShellScriptBuildPhase section */

/* Begin PBXSourcesBuildPhase section */
		1AF8D32CDB346FC2EFD2C97A /* Sources */ = {
			isa = PBXSourcesBuildPhase;
			buildActionMask = 2147483647;
			files = (
				53E2D0F0CC2729AB08362D7E /* BusStopModel.swift in Sources */,
				77E901910DA1927CCD883D7D /* BusTimeTableView.swift in Sources */,
				1F825102D68D6F55F139D8E5 /* BusdesKICNativeiOSApp.swift in Sources */,
				19E8A725E34C2586161AFBBE /* ContentView.swift in Sources */,
				F5B2FA04E2A269A0FFFAA0E7 /* HomeCardView.swift in Sources */,
				C334EED3E2AA617FBA368674 /* HomeView.swift in Sources */,
				918E510C29F2910D00908394 /* SettingView.swift in Sources */,
				C130633C21FFDF72CE2B5CA0 /* R.generated.swift in Sources */,
				7501BC97E7AF5B5A9142FC29 /* TabButton.swift in Sources */,
				383C19DA5A70F10AFA411061 /* TimeTableView.swift in Sources */,
			);
			runOnlyForDeploymentPostprocessing = 0;
		};
/* End PBXSourcesBuildPhase section */

/* Begin XCBuildConfiguration section */
		12679ACD7558174940014C8B /* Develop */ = {
			isa = XCBuildConfiguration;
			buildSettings = {
				ALWAYS_SEARCH_USER_PATHS = NO;
				CLANG_ANALYZER_LOCALIZABILITY_NONLOCALIZED = YES;
				CLANG_ANALYZER_NONNULL = YES;
				CLANG_ANALYZER_NUMBER_OBJECT_CONVERSION = YES_AGGRESSIVE;
				CLANG_CXX_LANGUAGE_STANDARD = "gnu++14";
				CLANG_CXX_LIBRARY = "libc++";
				CLANG_ENABLE_MODULES = YES;
				CLANG_ENABLE_OBJC_ARC = YES;
				CLANG_ENABLE_OBJC_WEAK = YES;
				CLANG_WARN_BLOCK_CAPTURE_AUTORELEASING = YES;
				CLANG_WARN_BOOL_CONVERSION = YES;
				CLANG_WARN_COMMA = YES;
				CLANG_WARN_CONSTANT_CONVERSION = YES;
				CLANG_WARN_DEPRECATED_OBJC_IMPLEMENTATIONS = YES;
				CLANG_WARN_DIRECT_OBJC_ISA_USAGE = YES_ERROR;
				CLANG_WARN_DOCUMENTATION_COMMENTS = YES;
				CLANG_WARN_EMPTY_BODY = YES;
				CLANG_WARN_ENUM_CONVERSION = YES;
				CLANG_WARN_INFINITE_RECURSION = YES;
				CLANG_WARN_INT_CONVERSION = YES;
				CLANG_WARN_NON_LITERAL_NULL_CONVERSION = YES;
				CLANG_WARN_OBJC_IMPLICIT_RETAIN_SELF = YES;
				CLANG_WARN_OBJC_LITERAL_CONVERSION = YES;
				CLANG_WARN_OBJC_ROOT_CLASS = YES_ERROR;
				CLANG_WARN_QUOTED_INCLUDE_IN_FRAMEWORK_HEADER = YES;
				CLANG_WARN_RANGE_LOOP_ANALYSIS = YES;
				CLANG_WARN_STRICT_PROTOTYPES = YES;
				CLANG_WARN_SUSPICIOUS_MOVE = YES;
				CLANG_WARN_UNGUARDED_AVAILABILITY = YES_AGGRESSIVE;
				CLANG_WARN_UNREACHABLE_CODE = YES;
				CLANG_WARN__DUPLICATE_METHOD_MATCH = YES;
				COPY_PHASE_STRIP = NO;
				DEBUG_INFORMATION_FORMAT = dwarf;
				ENABLE_STRICT_OBJC_MSGSEND = YES;
				ENABLE_TESTABILITY = YES;
				GCC_C_LANGUAGE_STANDARD = gnu11;
				GCC_DYNAMIC_NO_PIC = NO;
				GCC_NO_COMMON_BLOCKS = YES;
				GCC_OPTIMIZATION_LEVEL = 0;
				GCC_PREPROCESSOR_DEFINITIONS = (
					"$(inherited)",
					"DEBUG=1",
				);
				GCC_WARN_64_TO_32_BIT_CONVERSION = YES;
				GCC_WARN_ABOUT_RETURN_TYPE = YES_ERROR;
				GCC_WARN_UNDECLARED_SELECTOR = YES;
				GCC_WARN_UNINITIALIZED_AUTOS = YES_AGGRESSIVE;
				GCC_WARN_UNUSED_FUNCTION = YES;
				GCC_WARN_UNUSED_VARIABLE = YES;
				IPHONEOS_DEPLOYMENT_TARGET = 13.1.3;
				MTL_ENABLE_DEBUG_INFO = INCLUDE_SOURCE;
				MTL_FAST_MATH = YES;
				ONLY_ACTIVE_ARCH = YES;
				PRODUCT_NAME = "$(TARGET_NAME)";
				SDKROOT = iphoneos;
				SWIFT_ACTIVE_COMPILATION_CONDITIONS = DEBUG;
				SWIFT_OPTIMIZATION_LEVEL = "-Onone";
				SWIFT_VERSION = 5.0;
				TARGETED_DEVICE_FAMILY = "1,2";
			};
			name = Develop;
		};
		93247673875B9AC31A5B6F6D /* Develop */ = {
			isa = XCBuildConfiguration;
			buildSettings = {
				ASSETCATALOG_COMPILER_APPICON_NAME = AppIcon;
				BUNDLE_DISPLAY_NAME = BusdesKICNativeiOS;
				CODE_SIGN_IDENTITY = "iPhone Developer";
				CURRENT_PROJECT_BUILD_NUMBER = 1;
				INFOPLIST_FILE = BusdesKICNativeiOS/Info.plist;
				IPHONEOS_DEPLOYMENT_TARGET = 15.0;
				LD_RUNPATH_SEARCH_PATHS = (
					"$(inherited)",
					"@executable_path/Frameworks",
				);
				MARKETING_VERSION = 1.0.0;
				PRODUCT_BUNDLE_IDENTIFIER = com.watnow.BusdesKICNativeiOS.BusdesKICNativeiOS;
				SDKROOT = iphoneos;
				TARGETED_DEVICE_FAMILY = "1,2";
			};
			name = Develop;
		};
		AC4B3DDFAF87C59640B23A50 /* Release */ = {
			isa = XCBuildConfiguration;
			buildSettings = {
				ALWAYS_SEARCH_USER_PATHS = NO;
				CLANG_ANALYZER_LOCALIZABILITY_NONLOCALIZED = YES;
				CLANG_ANALYZER_NONNULL = YES;
				CLANG_ANALYZER_NUMBER_OBJECT_CONVERSION = YES_AGGRESSIVE;
				CLANG_CXX_LANGUAGE_STANDARD = "gnu++14";
				CLANG_CXX_LIBRARY = "libc++";
				CLANG_ENABLE_MODULES = YES;
				CLANG_ENABLE_OBJC_ARC = YES;
				CLANG_ENABLE_OBJC_WEAK = YES;
				CLANG_WARN_BLOCK_CAPTURE_AUTORELEASING = YES;
				CLANG_WARN_BOOL_CONVERSION = YES;
				CLANG_WARN_COMMA = YES;
				CLANG_WARN_CONSTANT_CONVERSION = YES;
				CLANG_WARN_DEPRECATED_OBJC_IMPLEMENTATIONS = YES;
				CLANG_WARN_DIRECT_OBJC_ISA_USAGE = YES_ERROR;
				CLANG_WARN_DOCUMENTATION_COMMENTS = YES;
				CLANG_WARN_EMPTY_BODY = YES;
				CLANG_WARN_ENUM_CONVERSION = YES;
				CLANG_WARN_INFINITE_RECURSION = YES;
				CLANG_WARN_INT_CONVERSION = YES;
				CLANG_WARN_NON_LITERAL_NULL_CONVERSION = YES;
				CLANG_WARN_OBJC_IMPLICIT_RETAIN_SELF = YES;
				CLANG_WARN_OBJC_LITERAL_CONVERSION = YES;
				CLANG_WARN_OBJC_ROOT_CLASS = YES_ERROR;
				CLANG_WARN_QUOTED_INCLUDE_IN_FRAMEWORK_HEADER = YES;
				CLANG_WARN_RANGE_LOOP_ANALYSIS = YES;
				CLANG_WARN_STRICT_PROTOTYPES = YES;
				CLANG_WARN_SUSPICIOUS_MOVE = YES;
				CLANG_WARN_UNGUARDED_AVAILABILITY = YES_AGGRESSIVE;
				CLANG_WARN_UNREACHABLE_CODE = YES;
				CLANG_WARN__DUPLICATE_METHOD_MATCH = YES;
				COPY_PHASE_STRIP = NO;
				DEBUG_INFORMATION_FORMAT = "dwarf-with-dsym";
				ENABLE_NS_ASSERTIONS = NO;
				ENABLE_STRICT_OBJC_MSGSEND = YES;
				GCC_C_LANGUAGE_STANDARD = gnu11;
				GCC_NO_COMMON_BLOCKS = YES;
				GCC_WARN_64_TO_32_BIT_CONVERSION = YES;
				GCC_WARN_ABOUT_RETURN_TYPE = YES_ERROR;
				GCC_WARN_UNDECLARED_SELECTOR = YES;
				GCC_WARN_UNINITIALIZED_AUTOS = YES_AGGRESSIVE;
				GCC_WARN_UNUSED_FUNCTION = YES;
				GCC_WARN_UNUSED_VARIABLE = YES;
				IPHONEOS_DEPLOYMENT_TARGET = 13.1.3;
				MTL_ENABLE_DEBUG_INFO = NO;
				MTL_FAST_MATH = YES;
				PRODUCT_NAME = "$(TARGET_NAME)";
				SDKROOT = iphoneos;
				SWIFT_COMPILATION_MODE = wholemodule;
				SWIFT_OPTIMIZATION_LEVEL = "-O";
				SWIFT_VERSION = 5.0;
				TARGETED_DEVICE_FAMILY = "1,2";
			};
			name = Release;
		};
		D963E69D925BE93A410AEDD9 /* Release */ = {
			isa = XCBuildConfiguration;
			buildSettings = {
				ASSETCATALOG_COMPILER_APPICON_NAME = AppIcon;
				BUNDLE_DISPLAY_NAME = BusdesKICNativeiOS;
				CODE_SIGN_IDENTITY = "iPhone Developer";
				CURRENT_PROJECT_BUILD_NUMBER = 1;
				INFOPLIST_FILE = BusdesKICNativeiOS/Info.plist;
				IPHONEOS_DEPLOYMENT_TARGET = 15.0;
				LD_RUNPATH_SEARCH_PATHS = (
					"$(inherited)",
					"@executable_path/Frameworks",
				);
				MARKETING_VERSION = 1.0.0;
				PRODUCT_BUNDLE_IDENTIFIER = com.watnow.BusdesKICNativeiOS.BusdesKICNativeiOS;
				SDKROOT = iphoneos;
				TARGETED_DEVICE_FAMILY = "1,2";
			};
			name = Release;
		};
/* End XCBuildConfiguration section */

/* Begin XCConfigurationList section */
		23A7BB56D4AAF0B5360BF3CA /* Build configuration list for PBXNativeTarget "BusdesKICNativeiOS" */ = {
			isa = XCConfigurationList;
			buildConfigurations = (
				93247673875B9AC31A5B6F6D /* Develop */,
				D963E69D925BE93A410AEDD9 /* Release */,
			);
			defaultConfigurationIsVisible = 0;
			defaultConfigurationName = Develop;
		};
		2903F6E41F19F1449BF4AC91 /* Build configuration list for PBXProject "BusdesKICNativeiOS" */ = {
			isa = XCConfigurationList;
			buildConfigurations = (
				12679ACD7558174940014C8B /* Develop */,
				AC4B3DDFAF87C59640B23A50 /* Release */,
			);
			defaultConfigurationIsVisible = 0;
			defaultConfigurationName = Develop;
		};
/* End XCConfigurationList section */

/* Begin XCRemoteSwiftPackageReference section */
		4530E88EF632DB6229A452DB /* XCRemoteSwiftPackageReference "R.swift" */ = {
			isa = XCRemoteSwiftPackageReference;
			repositoryURL = "https://github.com/mac-cain13/R.swift.git";
			requirement = {
				kind = exactVersion;
				version = 7.3.0;
			};
		};
/* End XCRemoteSwiftPackageReference section */

/* Begin XCSwiftPackageProductDependency section */
		6A7EB76DB833109A085A7A81 /* RswiftLibrary */ = {
			isa = XCSwiftPackageProductDependency;
			package = 4530E88EF632DB6229A452DB /* XCRemoteSwiftPackageReference "R.swift" */;
			productName = RswiftLibrary;
		};
/* End XCSwiftPackageProductDependency section */
	};
	rootObject = FEA023A88DABF56FC3A14A4B /* Project object */;
}
